
Microsoft Visual Studio Solution File, Format Version 12.00
# Visual Studio Version 18
VisualStudioVersion = 18.0.11201.2
MinimumVisualStudioVersion = 10.0.40219.1
Project("{FAE04EC0-301F-11D3-BF4B-00C04F79EFBC}") = "TrialPE_ducpvse183843", "TrialPE_ducpvse183843\TrialPE_ducpvse183843.csproj", "{AB82DC89-79EF-4CB4-8618-D4ADD13E08A9}"
EndProject
Project("{FAE04EC0-301F-11D3-BF4B-00C04F79EFBC}") = "TrialPE.Repositories", "TrialPE.Repositories\TrialPE.Repositories.csproj", "{1733E1AA-345E-4284-A161-797D51943747}"
EndProject
Project("{FAE04EC0-301F-11D3-BF4B-00C04F79EFBC}") = "TrialPE.Services", "TrialPE.Services\TrialPE.Services.csproj", "{29415254-5A48-4303-8A15-AA0C11907CA3}"
EndProject
Global
	GlobalSection(SolutionConfigurationPlatforms) = preSolution
		Debug|Any CPU = Debug|Any CPU
		Release|Any CPU = Release|Any CPU
	EndGlobalSection
	GlobalSection(ProjectConfigurationPlatforms) = postSolution
		{AB82DC89-79EF-4CB4-8618-D4ADD13E08A9}.Debug|Any CPU.ActiveCfg = Debug|Any CPU
		{AB82DC89-79EF-4CB4-8618-D4ADD13E08A9}.Debug|Any CPU.Build.0 = Debug|Any CPU
		{AB82DC89-79EF-4CB4-8618-D4ADD13E08A9}.Release|Any CPU.ActiveCfg = Release|Any CPU
		{AB82DC89-79EF-4CB4-8618-D4ADD13E08A9}.Release|Any CPU.Build.0 = Release|Any CPU
		{1733E1AA-345E-4284-A161-797D51943747}.Debug|Any CPU.ActiveCfg = Debug|Any CPU
		{1733E1AA-345E-4284-A161-797D51943747}.Debug|Any CPU.Build.0 = Debug|Any CPU
		{1733E1AA-345E-4284-A161-797D51943747}.Release|Any CPU.ActiveCfg = Release|Any CPU
		{1733E1AA-345E-4284-A161-797D51943747}.Release|Any CPU.Build.0 = Release|Any CPU
		{29415254-5A48-4303-8A15-AA0C11907CA3}.Debug|Any CPU.ActiveCfg = Debug|Any CPU
		{29415254-5A48-4303-8A15-AA0C11907CA3}.Debug|Any CPU.Build.0 = Debug|Any CPU
		{29415254-5A48-4303-8A15-AA0C11907CA3}.Release|Any CPU.ActiveCfg = Release|Any CPU
		{29415254-5A48-4303-8A15-AA0C11907CA3}.Release|Any CPU.Build.0 = Release|Any CPU
	EndGlobalSection
	GlobalSection(SolutionProperties) = preSolution
		HideSolutionNode = FALSE
	EndGlobalSection
	GlobalSection(ExtensibilityGlobals) = postSolution
		SolutionGuid = {1D333068-69EE-4559-96F9-52AA79486F33}
	EndGlobalSection
EndGlobal
