
Microsoft Visual Studio Solution File, Format Version 12.00
# Visual Studio Version 18
VisualStudioVersion = 18.0.11116.177 d18.0
MinimumVisualStudioVersion = 10.0.40219.1
Project("{9A19103F-16F7-4668-BE54-9A1E7A4F7556}") = "EVCMS.Repositories.DucPV", "EVCMS.Repositories.Ducpv\EVCMS.Repositories.DucPV.csproj", "{3006336B-C804-4AFC-87B6-C3F9C3AD42AF}"
EndProject
Project("{9A19103F-16F7-4668-BE54-9A1E7A4F7556}") = "EVCMS.Services.DucPV", "EVCMS.Services.DucPV\EVCMS.Services.DucPV.csproj", "{409504C5-F2CA-4F22-872B-70CDE8B11E25}"
EndProject
Project("{9A19103F-16F7-4668-BE54-9A1E7A4F7556}") = "EVCMS.BlazorWebApp.DucPV", "EVCMS.BlazorWebApp.DucPV\EVCMS.BlazorWebApp.DucPV.csproj", "{9AF0BAEF-A727-4F20-A89E-996F10F4B8D3}"
EndProject
Global
	GlobalSection(SolutionConfigurationPlatforms) = preSolution
		Debug|Any CPU = Debug|Any CPU
		Release|Any CPU = Release|Any CPU
	EndGlobalSection
	GlobalSection(ProjectConfigurationPlatforms) = postSolution
		{3006336B-C804-4AFC-87B6-C3F9C3AD42AF}.Debug|Any CPU.ActiveCfg = Debug|Any CPU
		{3006336B-C804-4AFC-87B6-C3F9C3AD42AF}.Debug|Any CPU.Build.0 = Debug|Any CPU
		{3006336B-C804-4AFC-87B6-C3F9C3AD42AF}.Release|Any CPU.ActiveCfg = Release|Any CPU
		{3006336B-C804-4AFC-87B6-C3F9C3AD42AF}.Release|Any CPU.Build.0 = Release|Any CPU
		{409504C5-F2CA-4F22-872B-70CDE8B11E25}.Debug|Any CPU.ActiveCfg = Debug|Any CPU
		{409504C5-F2CA-4F22-872B-70CDE8B11E25}.Debug|Any CPU.Build.0 = Debug|Any CPU
		{409504C5-F2CA-4F22-872B-70CDE8B11E25}.Release|Any CPU.ActiveCfg = Release|Any CPU
		{409504C5-F2CA-4F22-872B-70CDE8B11E25}.Release|Any CPU.Build.0 = Release|Any CPU
		{9AF0BAEF-A727-4F20-A89E-996F10F4B8D3}.Debug|Any CPU.ActiveCfg = Debug|Any CPU
		{9AF0BAEF-A727-4F20-A89E-996F10F4B8D3}.Debug|Any CPU.Build.0 = Debug|Any CPU
		{9AF0BAEF-A727-4F20-A89E-996F10F4B8D3}.Release|Any CPU.ActiveCfg = Release|Any CPU
		{9AF0BAEF-A727-4F20-A89E-996F10F4B8D3}.Release|Any CPU.Build.0 = Release|Any CPU
	EndGlobalSection
	GlobalSection(SolutionProperties) = preSolution
		HideSolutionNode = FALSE
	EndGlobalSection
	GlobalSection(ExtensibilityGlobals) = postSolution
		SolutionGuid = {2964200B-D221-430D-87A7-674536CCED97}
	EndGlobalSection
EndGlobal
